
Microsoft Visual Studio Solution File, Format Version 12.00
# Visual Studio Version 17
VisualStudioVersion = 17.14.36301.6 d17.14
MinimumVisualStudioVersion = 10.0.40219.1
Project("{FAE04EC0-301F-11D3-BF4B-00C04F79EFBC}") = "BmiManager", "BmiManager\BmiManager.csproj", "{E860031E-DD93-40E0-9280-ED548982EC59}"
EndProject
Project("{FAE04EC0-301F-11D3-BF4B-00C04F79EFBC}") = "Bmi", "Bmi\Bmi.csproj", "{91EED0FE-4B78-4E4D-AFCB-21C3AC939A65}"
EndProject
Global
	GlobalSection(SolutionConfigurationPlatforms) = preSolution
		Debug|Any CPU = Debug|Any CPU
		Release|Any CPU = Release|Any CPU
	EndGlobalSection
	GlobalSection(ProjectConfigurationPlatforms) = postSolution
		{E860031E-DD93-40E0-9280-ED548982EC59}.Debug|Any CPU.ActiveCfg = Debug|Any CPU
		{E860031E-DD93-40E0-9280-ED548982EC59}.Debug|Any CPU.Build.0 = Debug|Any CPU
		{E860031E-DD93-40E0-9280-ED548982EC59}.Release|Any CPU.ActiveCfg = Release|Any CPU
		{E860031E-DD93-40E0-9280-ED548982EC59}.Release|Any CPU.Build.0 = Release|Any CPU
		{91EED0FE-4B78-4E4D-AFCB-21C3AC939A65}.Debug|Any CPU.ActiveCfg = Debug|Any CPU
		{91EED0FE-4B78-4E4D-AFCB-21C3AC939A65}.Debug|Any CPU.Build.0 = Debug|Any CPU
		{91EED0FE-4B78-4E4D-AFCB-21C3AC939A65}.Release|Any CPU.ActiveCfg = Release|Any CPU
		{91EED0FE-4B78-4E4D-AFCB-21C3AC939A65}.Release|Any CPU.Build.0 = Release|Any CPU
	EndGlobalSection
	GlobalSection(SolutionProperties) = preSolution
		HideSolutionNode = FALSE
	EndGlobalSection
	GlobalSection(ExtensibilityGlobals) = postSolution
		SolutionGuid = {A422481B-5B0E-4CC8-871F-2AF71B7F0812}
	EndGlobalSection
EndGlobal
