
Microsoft Visual Studio Solution File, Format Version 12.00
# Visual Studio Version 17
VisualStudioVersion = 17.14.36301.6 d17.14
MinimumVisualStudioVersion = 10.0.40219.1
Project("{FAE04EC0-301F-11D3-BF4B-00C04F79EFBC}") = "ObjectManager", "ObjectManager\ObjectManager.csproj", "{FBD9A17C-4A58-477C-A449-15874A5CF892}"
EndProject
Global
	GlobalSection(SolutionConfigurationPlatforms) = preSolution
		Debug|Any CPU = Debug|Any CPU
		Release|Any CPU = Release|Any CPU
	EndGlobalSection
	GlobalSection(ProjectConfigurationPlatforms) = postSolution
		{FBD9A17C-4A58-477C-A449-15874A5CF892}.Debug|Any CPU.ActiveCfg = Debug|Any CPU
		{FBD9A17C-4A58-477C-A449-15874A5CF892}.Debug|Any CPU.Build.0 = Debug|Any CPU
		{FBD9A17C-4A58-477C-A449-15874A5CF892}.Release|Any CPU.ActiveCfg = Release|Any CPU
		{FBD9A17C-4A58-477C-A449-15874A5CF892}.Release|Any CPU.Build.0 = Release|Any CPU
	EndGlobalSection
	GlobalSection(SolutionProperties) = preSolution
		HideSolutionNode = FALSE
	EndGlobalSection
	GlobalSection(ExtensibilityGlobals) = postSolution
		SolutionGuid = {9BEE511F-C883-4F56-BE38-555D3A868CE1}
	EndGlobalSection
EndGlobal
