
Microsoft Visual Studio Solution File, Format Version 12.00
# Visual Studio Version 17
VisualStudioVersion = 17.14.36301.6
MinimumVisualStudioVersion = 10.0.40219.1
Project("{FAE04EC0-301F-11D3-BF4B-00C04F79EFBC}") = "BasicArrayList", "BasicArrayList\BasicArrayList.csproj", "{AFA2C16E-67D8-456D-950C-9AF9F11CE41F}"
EndProject
Project("{FAE04EC0-301F-11D3-BF4B-00C04F79EFBC}") = "BasicList", "BasicList\BasicList.csproj", "{EB67AC18-E00E-4076-9706-D17D0015AA90}"
EndProject
Global
	GlobalSection(SolutionConfigurationPlatforms) = preSolution
		Debug|Any CPU = Debug|Any CPU
		Release|Any CPU = Release|Any CPU
	EndGlobalSection
	GlobalSection(ProjectConfigurationPlatforms) = postSolution
		{AFA2C16E-67D8-456D-950C-9AF9F11CE41F}.Debug|Any CPU.ActiveCfg = Debug|Any CPU
		{AFA2C16E-67D8-456D-950C-9AF9F11CE41F}.Debug|Any CPU.Build.0 = Debug|Any CPU
		{AFA2C16E-67D8-456D-950C-9AF9F11CE41F}.Release|Any CPU.ActiveCfg = Release|Any CPU
		{AFA2C16E-67D8-456D-950C-9AF9F11CE41F}.Release|Any CPU.Build.0 = Release|Any CPU
		{EB67AC18-E00E-4076-9706-D17D0015AA90}.Debug|Any CPU.ActiveCfg = Debug|Any CPU
		{EB67AC18-E00E-4076-9706-D17D0015AA90}.Debug|Any CPU.Build.0 = Debug|Any CPU
		{EB67AC18-E00E-4076-9706-D17D0015AA90}.Release|Any CPU.ActiveCfg = Release|Any CPU
		{EB67AC18-E00E-4076-9706-D17D0015AA90}.Release|Any CPU.Build.0 = Release|Any CPU
	EndGlobalSection
	GlobalSection(SolutionProperties) = preSolution
		HideSolutionNode = FALSE
	EndGlobalSection
	GlobalSection(ExtensibilityGlobals) = postSolution
		SolutionGuid = {8E69DB04-8A1B-4036-A40E-2B39FAA8DD91}
	EndGlobalSection
EndGlobal
