
Microsoft Visual Studio Solution File, Format Version 12.00
# Visual Studio Version 17
VisualStudioVersion = 17.14.36301.6
MinimumVisualStudioVersion = 10.0.40219.1
Project("{FAE04EC0-301F-11D3-BF4B-00C04F79EFBC}") = "StudentManager", "StudentManager\StudentManager.csproj", "{C4FCB07A-9EFB-4EC4-8142-2A00C33A7308}"
EndProject
Project("{FAE04EC0-301F-11D3-BF4B-00C04F79EFBC}") = "StudentManagerV2", "StudentManagerV2\StudentManagerV2.csproj", "{4A004228-C1DD-4EE6-A347-99853AEE0902}"
EndProject
Project("{FAE04EC0-301F-11D3-BF4B-00C04F79EFBC}") = "StudentManagerV3", "StudentManagerV3\StudentManagerV3.csproj", "{5DF08AF6-1A96-49CB-BCCD-DB731813FD48}"
EndProject
Project("{FAE04EC0-301F-11D3-BF4B-00C04F79EFBC}") = "StudentmanagerV4", "StudentmanagerV4\StudentmanagerV4.csproj", "{76302B4A-9CBE-4884-82F3-46FBEF90906B}"
EndProject
Project("{FAE04EC0-301F-11D3-BF4B-00C04F79EFBC}") = "StudentManagerV5", "StudentManagerV5\StudentManagerV5.csproj", "{06355D40-7BEA-4FF2-B79C-88555113DE49}"
EndProject
Project("{FAE04EC0-301F-11D3-BF4B-00C04F79EFBC}") = "StudentManagerV6", "StudentManagerV6\StudentManagerV6.csproj", "{4D71FD6D-5B91-4A18-9E52-0E406F51EC83}"
EndProject
Global
	GlobalSection(SolutionConfigurationPlatforms) = preSolution
		Debug|Any CPU = Debug|Any CPU
		Release|Any CPU = Release|Any CPU
	EndGlobalSection
	GlobalSection(ProjectConfigurationPlatforms) = postSolution
		{C4FCB07A-9EFB-4EC4-8142-2A00C33A7308}.Debug|Any CPU.ActiveCfg = Debug|Any CPU
		{C4FCB07A-9EFB-4EC4-8142-2A00C33A7308}.Debug|Any CPU.Build.0 = Debug|Any CPU
		{C4FCB07A-9EFB-4EC4-8142-2A00C33A7308}.Release|Any CPU.ActiveCfg = Release|Any CPU
		{C4FCB07A-9EFB-4EC4-8142-2A00C33A7308}.Release|Any CPU.Build.0 = Release|Any CPU
		{4A004228-C1DD-4EE6-A347-99853AEE0902}.Debug|Any CPU.ActiveCfg = Debug|Any CPU
		{4A004228-C1DD-4EE6-A347-99853AEE0902}.Debug|Any CPU.Build.0 = Debug|Any CPU
		{4A004228-C1DD-4EE6-A347-99853AEE0902}.Release|Any CPU.ActiveCfg = Release|Any CPU
		{4A004228-C1DD-4EE6-A347-99853AEE0902}.Release|Any CPU.Build.0 = Release|Any CPU
		{5DF08AF6-1A96-49CB-BCCD-DB731813FD48}.Debug|Any CPU.ActiveCfg = Debug|Any CPU
		{5DF08AF6-1A96-49CB-BCCD-DB731813FD48}.Debug|Any CPU.Build.0 = Debug|Any CPU
		{5DF08AF6-1A96-49CB-BCCD-DB731813FD48}.Release|Any CPU.ActiveCfg = Release|Any CPU
		{5DF08AF6-1A96-49CB-BCCD-DB731813FD48}.Release|Any CPU.Build.0 = Release|Any CPU
		{76302B4A-9CBE-4884-82F3-46FBEF90906B}.Debug|Any CPU.ActiveCfg = Debug|Any CPU
		{76302B4A-9CBE-4884-82F3-46FBEF90906B}.Debug|Any CPU.Build.0 = Debug|Any CPU
		{76302B4A-9CBE-4884-82F3-46FBEF90906B}.Release|Any CPU.ActiveCfg = Release|Any CPU
		{76302B4A-9CBE-4884-82F3-46FBEF90906B}.Release|Any CPU.Build.0 = Release|Any CPU
		{06355D40-7BEA-4FF2-B79C-88555113DE49}.Debug|Any CPU.ActiveCfg = Debug|Any CPU
		{06355D40-7BEA-4FF2-B79C-88555113DE49}.Debug|Any CPU.Build.0 = Debug|Any CPU
		{06355D40-7BEA-4FF2-B79C-88555113DE49}.Release|Any CPU.ActiveCfg = Release|Any CPU
		{06355D40-7BEA-4FF2-B79C-88555113DE49}.Release|Any CPU.Build.0 = Release|Any CPU
		{4D71FD6D-5B91-4A18-9E52-0E406F51EC83}.Debug|Any CPU.ActiveCfg = Debug|Any CPU
		{4D71FD6D-5B91-4A18-9E52-0E406F51EC83}.Debug|Any CPU.Build.0 = Debug|Any CPU
		{4D71FD6D-5B91-4A18-9E52-0E406F51EC83}.Release|Any CPU.ActiveCfg = Release|Any CPU
		{4D71FD6D-5B91-4A18-9E52-0E406F51EC83}.Release|Any CPU.Build.0 = Release|Any CPU
	EndGlobalSection
	GlobalSection(SolutionProperties) = preSolution
		HideSolutionNode = FALSE
	EndGlobalSection
	GlobalSection(ExtensibilityGlobals) = postSolution
		SolutionGuid = {CAEC080A-07CD-4539-96F5-E25B6E9C9C7D}
	EndGlobalSection
EndGlobal
