
Microsoft Visual Studio Solution File, Format Version 12.00
# Visual Studio Version 17
VisualStudioVersion = 17.14.36301.6 d17.14
MinimumVisualStudioVersion = 10.0.40219.1
Project("{FAE04EC0-301F-11D3-BF4B-00C04F79EFBC}") = "BmiManager", "BmiManager\BmiManager.csproj", "{AA56EC43-F620-4B41-88C6-FCE89FF48816}"
EndProject
Global
	GlobalSection(SolutionConfigurationPlatforms) = preSolution
		Debug|Any CPU = Debug|Any CPU
		Release|Any CPU = Release|Any CPU
	EndGlobalSection
	GlobalSection(ProjectConfigurationPlatforms) = postSolution
		{AA56EC43-F620-4B41-88C6-FCE89FF48816}.Debug|Any CPU.ActiveCfg = Debug|Any CPU
		{AA56EC43-F620-4B41-88C6-FCE89FF48816}.Debug|Any CPU.Build.0 = Debug|Any CPU
		{AA56EC43-F620-4B41-88C6-FCE89FF48816}.Release|Any CPU.ActiveCfg = Release|Any CPU
		{AA56EC43-F620-4B41-88C6-FCE89FF48816}.Release|Any CPU.Build.0 = Release|Any CPU
	EndGlobalSection
	GlobalSection(SolutionProperties) = preSolution
		HideSolutionNode = FALSE
	EndGlobalSection
	GlobalSection(ExtensibilityGlobals) = postSolution
		SolutionGuid = {5BE13241-5F1D-47BB-ACDC-5421CFAF7920}
	EndGlobalSection
EndGlobal
