
Microsoft Visual Studio Solution File, Format Version 12.00
# Visual Studio Version 17
VisualStudioVersion = 17.14.36301.6 d17.14
MinimumVisualStudioVersion = 10.0.40219.1
Project("{FAE04EC0-301F-11D3-BF4B-00C04F79EFBC}") = "BmiManager", "BmiManager\BmiManager.csproj", "{F5DAC81A-7B7C-4EEE-964C-4D38C2209F48}"
EndProject
Global
	GlobalSection(SolutionConfigurationPlatforms) = preSolution
		Debug|Any CPU = Debug|Any CPU
		Release|Any CPU = Release|Any CPU
	EndGlobalSection
	GlobalSection(ProjectConfigurationPlatforms) = postSolution
		{F5DAC81A-7B7C-4EEE-964C-4D38C2209F48}.Debug|Any CPU.ActiveCfg = Debug|Any CPU
		{F5DAC81A-7B7C-4EEE-964C-4D38C2209F48}.Debug|Any CPU.Build.0 = Debug|Any CPU
		{F5DAC81A-7B7C-4EEE-964C-4D38C2209F48}.Release|Any CPU.ActiveCfg = Release|Any CPU
		{F5DAC81A-7B7C-4EEE-964C-4D38C2209F48}.Release|Any CPU.Build.0 = Release|Any CPU
	EndGlobalSection
	GlobalSection(SolutionProperties) = preSolution
		HideSolutionNode = FALSE
	EndGlobalSection
	GlobalSection(ExtensibilityGlobals) = postSolution
		SolutionGuid = {479538AA-32AE-46E9-9232-C68B97DE147F}
	EndGlobalSection
EndGlobal
